<?xml version="1.0" encoding="UTF-8" standalone="yes" ?>
<CodeBlocks_project_file>
	<FileVersion major="1" minor="6" />
	<Project>
		<Option title="tests" />
		<Option pch_mode="2" />
		<Option compiler="gcc" />
		<Build>
			<Target title="Debug">
				<Option output="bin/Debug/tests" prefix_auto="1" extension_auto="1" />
				<Option object_output="obj/Debug/" />
				<Option type="1" />
				<Option compiler="gcc" />
				<Compiler>
					<Add option="-g" />
				</Compiler>
			</Target>
			<Target title="Release">
				<Option output="bin/Release/tests" prefix_auto="1" extension_auto="1" />
				<Option object_output="obj/Release/" />
				<Option type="1" />
				<Option compiler="gcc" />
				<Compiler>
					<Add option="-O2" />
				</Compiler>
				<Linker>
					<Add option="-s" />
				</Linker>
			</Target>
		</Build>
		<Compiler>
			<Add option="-Wall" />
			<Add directory="../src" />
			<Add directory="src" />
		</Compiler>
		<Unit filename="main.c">
			<Option compilerVar="CC" />
		</Unit>
		<Unit filename="src/tests_helpers.h" />
		<Unit filename="src/tests_inicializador.c">
			<Option compilerVar="CC" />
		</Unit>
		<Unit filename="src/tests_operandos.c">
			<Option compilerVar="CC" />
		</Unit>
		<Unit filename="src/tests_operadores.c">
			<Option compilerVar="CC" />
		</Unit>
		<Unit filename="src/tests_etapa7.c">
			<Option compilerVar="CC" />
		</Unit>
		<Unit filename="src/tests_binarios.c">
			<Option compilerVar="CC" />
		</Unit>
		<Unit filename="../src/Inicializador.c">
			<Option compilerVar="CC" />
		</Unit>
		<Unit filename="../src/inicializador.h" />
		<Unit filename="../src/decodificador.c">
			<Option compilerVar="CC" />
		</Unit>
		<Unit filename="../src/decodificador.h" />
		<Unit filename="../src/disassembler.c">
			<Option compilerVar="CC" />
		</Unit>
		<Unit filename="../src/disassembler.h" />
		<Unit filename="../src/errores.c">
			<Option compilerVar="CC" />
		</Unit>
		<Unit filename="../src/errores.h" />
		<Unit filename="../src/logger.c">
			<Option compilerVar="CC" />
		</Unit>
		<Unit filename="../src/logger.h" />
		<Unit filename="../src/memoria.c">
			<Option compilerVar="CC" />
		</Unit>
		<Unit filename="../src/memoria.h" />
		<Unit filename="../src/operandos.c">
			<Option compilerVar="CC" />
		</Unit>
		<Unit filename="../src/operandos.h" />
		<Unit filename="../src/operadores.c">
			<Option compilerVar="CC" />
		</Unit>
		<Unit filename="../src/operadores.h" />
		<Unit filename="../src/sys.c">
			<Option compilerVar="CC" />
		</Unit>
		<Unit filename="../src/sys.h" />
		<Unit filename="../src/vmx.c">
			<Option compilerVar="CC" />
		</Unit>
		<Unit filename="../src/vmx.h" />
		<Extensions />
	</Project>
</CodeBlocks_project_file>
